
Microsoft Visual Studio Solution File, Format Version 12.00
# Visual Studio 15
VisualStudioVersion = 15.0.28307.572
MinimumVisualStudioVersion = 10.0.40219.1
Project("{FAE04EC0-301F-11D3-BF4B-00C04F79EFBC}") = "Lab04", "Lab04\Lab04.csproj", "{CF75172E-F6A1-4A95-9759-4B1779333669}"
EndProject
Global
	GlobalSection(SolutionConfigurationPlatforms) = preSolution
		Debug|Any CPU = Debug|Any CPU
		Release|Any CPU = Release|Any CPU
	EndGlobalSection
	GlobalSection(ProjectConfigurationPlatforms) = postSolution
		{CF75172E-F6A1-4A95-9759-4B1779333669}.Debug|Any CPU.ActiveCfg = Debug|Any CPU
		{CF75172E-F6A1-4A95-9759-4B1779333669}.Debug|Any CPU.Build.0 = Debug|Any CPU
		{CF75172E-F6A1-4A95-9759-4B1779333669}.Release|Any CPU.ActiveCfg = Release|Any CPU
		{CF75172E-F6A1-4A95-9759-4B1779333669}.Release|Any CPU.Build.0 = Release|Any CPU
	EndGlobalSection
	GlobalSection(SolutionProperties) = preSolution
		HideSolutionNode = FALSE
	EndGlobalSection
	GlobalSection(ExtensibilityGlobals) = postSolution
		SolutionGuid = {ED121765-EBC4-40C5-AFE7-20AA57E0355E}
	EndGlobalSection
EndGlobal
