
Microsoft Visual Studio Solution File, Format Version 12.00
# Visual Studio Version 16
VisualStudioVersion = 16.0.29926.136
MinimumVisualStudioVersion = 10.0.40219.1
Project("{FAE04EC0-301F-11D3-BF4B-00C04F79EFBC}") = "Lab08", "Lab08\Lab08.csproj", "{FA115D39-38A6-4686-8BDF-06C6C8FDE13A}"
EndProject
Global
	GlobalSection(SolutionConfigurationPlatforms) = preSolution
		Debug|Any CPU = Debug|Any CPU
		Release|Any CPU = Release|Any CPU
	EndGlobalSection
	GlobalSection(ProjectConfigurationPlatforms) = postSolution
		{FA115D39-38A6-4686-8BDF-06C6C8FDE13A}.Debug|Any CPU.ActiveCfg = Debug|Any CPU
		{FA115D39-38A6-4686-8BDF-06C6C8FDE13A}.Debug|Any CPU.Build.0 = Debug|Any CPU
		{FA115D39-38A6-4686-8BDF-06C6C8FDE13A}.Release|Any CPU.ActiveCfg = Release|Any CPU
		{FA115D39-38A6-4686-8BDF-06C6C8FDE13A}.Release|Any CPU.Build.0 = Release|Any CPU
	EndGlobalSection
	GlobalSection(SolutionProperties) = preSolution
		HideSolutionNode = FALSE
	EndGlobalSection
	GlobalSection(ExtensibilityGlobals) = postSolution
		SolutionGuid = {7936FBD1-1C49-42AA-9006-7B187192B841}
	EndGlobalSection
EndGlobal
