
Microsoft Visual Studio Solution File, Format Version 12.00
# Visual Studio 15
VisualStudioVersion = 15.0.28307.572
MinimumVisualStudioVersion = 10.0.40219.1
Project("{FAE04EC0-301F-11D3-BF4B-00C04F79EFBC}") = "Lab06", "Lab06\Lab06.csproj", "{3E74F6C1-5342-4A31-868B-F5F22F8F7471}"
EndProject
Global
	GlobalSection(SolutionConfigurationPlatforms) = preSolution
		Debug|Any CPU = Debug|Any CPU
		Release|Any CPU = Release|Any CPU
	EndGlobalSection
	GlobalSection(ProjectConfigurationPlatforms) = postSolution
		{3E74F6C1-5342-4A31-868B-F5F22F8F7471}.Debug|Any CPU.ActiveCfg = Debug|Any CPU
		{3E74F6C1-5342-4A31-868B-F5F22F8F7471}.Debug|Any CPU.Build.0 = Debug|Any CPU
		{3E74F6C1-5342-4A31-868B-F5F22F8F7471}.Release|Any CPU.ActiveCfg = Release|Any CPU
		{3E74F6C1-5342-4A31-868B-F5F22F8F7471}.Release|Any CPU.Build.0 = Release|Any CPU
	EndGlobalSection
	GlobalSection(SolutionProperties) = preSolution
		HideSolutionNode = FALSE
	EndGlobalSection
	GlobalSection(ExtensibilityGlobals) = postSolution
		SolutionGuid = {DDDF063F-8DB1-45EF-BFD3-F36E59E3E384}
	EndGlobalSection
EndGlobal
